
Microsoft Visual Studio Solution File, Format Version 12.00
# Visual Studio Version 17
VisualStudioVersion = 17.12.35527.113
MinimumVisualStudioVersion = 10.0.40219.1
Project("{8BC9CEB8-8B4A-11D0-8D11-00A0C91BC942}") = "SinglyLinkedList", "AlgorithmBooks\AlgorithmBooks.vcxproj", "{C36B1FB1-B864-445C-91F9-60D76E7DA5A3}"
EndProject
Project("{8BC9CEB8-8B4A-11D0-8D11-00A0C91BC942}") = "DoublyLinkedList", "DoublyLinkedList\DoublyLinkedList.vcxproj", "{BE78CA6B-0ADD-4606-89DE-5C286162CE4E}"
EndProject
Project("{8BC9CEB8-8B4A-11D0-8D11-00A0C91BC942}") = "CircularLinkedList", "CircularLinkedList\CircularLinkedList.vcxproj", "{19F74727-81C5-4AFF-A70E-B59ACB043DE2}"
EndProject
Project("{8BC9CEB8-8B4A-11D0-8D11-00A0C91BC942}") = "CircularQueue", "CircularQueue\CircularQueue.vcxproj", "{A309B0AE-2F35-42BA-BC70-E0CD7CCCCB38}"
EndProject
Project("{8BC9CEB8-8B4A-11D0-8D11-00A0C91BC942}") = "LInkedListStack", "LInkedListStack\LInkedListStack.vcxproj", "{0A0DA802-C37D-45B5-8762-4A9A00B9EB49}"
EndProject
Project("{8BC9CEB8-8B4A-11D0-8D11-00A0C91BC942}") = "StackCalculator", "StackCalculator\StackCalculator.vcxproj", "{CD39F2FF-A481-4647-ACA3-040FAB525D6C}"
EndProject
Project("{8BC9CEB8-8B4A-11D0-8D11-00A0C91BC942}") = "LinkedQueue", "LinkedQueue\LinkedQueue.vcxproj", "{036A2CE1-C083-4C5A-BD8D-65BA615AC14C}"
EndProject
Project("{8BC9CEB8-8B4A-11D0-8D11-00A0C91BC942}") = "LeftChildRightSiblingTree", "Tree\Tree.vcxproj", "{11C203DB-DCE0-47C8-A021-58D8E7CDA514}"
EndProject
Project("{8BC9CEB8-8B4A-11D0-8D11-00A0C91BC942}") = "BinaryTree", "BinaryTree\BinaryTree.vcxproj", "{3CC94EA2-06FC-4633-BEE1-617437FFF74B}"
EndProject
Project("{8BC9CEB8-8B4A-11D0-8D11-00A0C91BC942}") = "ExpressionTree", "ExpressionTree\ExpressionTree.vcxproj", "{116ACF37-EADD-42D2-AA07-FC1B49BD65C3}"
EndProject
Project("{8BC9CEB8-8B4A-11D0-8D11-00A0C91BC942}") = "DisjoinSetTree", "DisjoinSetTree\DisjoinSetTree.vcxproj", "{7378D084-675A-49C9-AEB8-68557FD879EC}"
EndProject
Project("{8BC9CEB8-8B4A-11D0-8D11-00A0C91BC942}") = "BubbleSort", "BubbleSort\BubbleSort.vcxproj", "{2B4FC3DE-DA5C-42E9-BFFC-878A0A76096D}"
EndProject
Project("{8BC9CEB8-8B4A-11D0-8D11-00A0C91BC942}") = "InsertionSort", "InsertionSort\InsertionSort.vcxproj", "{29B235DF-DE73-474D-9834-27F15A0A16C4}"
EndProject
Project("{8BC9CEB8-8B4A-11D0-8D11-00A0C91BC942}") = "QuickSort", "QuickSort\QuickSort.vcxproj", "{18F9E21F-A492-4278-A09B-0D29452D7852}"
EndProject
Project("{8BC9CEB8-8B4A-11D0-8D11-00A0C91BC942}") = "LibraryTimeCompare", "LibraryTimeCompare\LibraryTimeCompare.vcxproj", "{4CD059AE-813B-4680-85ED-9FCFA559EB64}"
EndProject
Project("{8BC9CEB8-8B4A-11D0-8D11-00A0C91BC942}") = "BinarySearch", "BinarySearch\BinarySearch.vcxproj", "{BB9414E7-D848-481F-AA86-856E7BCFF3E1}"
EndProject
Project("{8BC9CEB8-8B4A-11D0-8D11-00A0C91BC942}") = "BinarySearchTree", "BinarySearchTree\BinarySearchTree.vcxproj", "{EC559286-66C3-4AB8-A37B-EE4E7078C396}"
EndProject
Project("{8BC9CEB8-8B4A-11D0-8D11-00A0C91BC942}") = "Heap", "Heap\Heap.vcxproj", "{4EE06921-C1E7-4C46-A028-9237A8CA30CA}"
EndProject
Project("{8BC9CEB8-8B4A-11D0-8D11-00A0C91BC942}") = "Graph", "Graph\Graph.vcxproj", "{F23D1B68-2316-4A22-858D-43B3D0D4070C}"
EndProject
Global
	GlobalSection(SolutionConfigurationPlatforms) = preSolution
		Debug|x64 = Debug|x64
		Debug|x86 = Debug|x86
		Release|x64 = Release|x64
		Release|x86 = Release|x86
	EndGlobalSection
	GlobalSection(ProjectConfigurationPlatforms) = postSolution
		{C36B1FB1-B864-445C-91F9-60D76E7DA5A3}.Debug|x64.ActiveCfg = Debug|x64
		{C36B1FB1-B864-445C-91F9-60D76E7DA5A3}.Debug|x64.Build.0 = Debug|x64
		{C36B1FB1-B864-445C-91F9-60D76E7DA5A3}.Debug|x86.ActiveCfg = Debug|Win32
		{C36B1FB1-B864-445C-91F9-60D76E7DA5A3}.Debug|x86.Build.0 = Debug|Win32
		{C36B1FB1-B864-445C-91F9-60D76E7DA5A3}.Release|x64.ActiveCfg = Release|x64
		{C36B1FB1-B864-445C-91F9-60D76E7DA5A3}.Release|x64.Build.0 = Release|x64
		{C36B1FB1-B864-445C-91F9-60D76E7DA5A3}.Release|x86.ActiveCfg = Release|Win32
		{C36B1FB1-B864-445C-91F9-60D76E7DA5A3}.Release|x86.Build.0 = Release|Win32
		{BE78CA6B-0ADD-4606-89DE-5C286162CE4E}.Debug|x64.ActiveCfg = Debug|x64
		{BE78CA6B-0ADD-4606-89DE-5C286162CE4E}.Debug|x64.Build.0 = Debug|x64
		{BE78CA6B-0ADD-4606-89DE-5C286162CE4E}.Debug|x86.ActiveCfg = Debug|Win32
		{BE78CA6B-0ADD-4606-89DE-5C286162CE4E}.Debug|x86.Build.0 = Debug|Win32
		{BE78CA6B-0ADD-4606-89DE-5C286162CE4E}.Release|x64.ActiveCfg = Release|x64
		{BE78CA6B-0ADD-4606-89DE-5C286162CE4E}.Release|x64.Build.0 = Release|x64
		{BE78CA6B-0ADD-4606-89DE-5C286162CE4E}.Release|x86.ActiveCfg = Release|Win32
		{BE78CA6B-0ADD-4606-89DE-5C286162CE4E}.Release|x86.Build.0 = Release|Win32
		{19F74727-81C5-4AFF-A70E-B59ACB043DE2}.Debug|x64.ActiveCfg = Debug|x64
		{19F74727-81C5-4AFF-A70E-B59ACB043DE2}.Debug|x64.Build.0 = Debug|x64
		{19F74727-81C5-4AFF-A70E-B59ACB043DE2}.Debug|x86.ActiveCfg = Debug|Win32
		{19F74727-81C5-4AFF-A70E-B59ACB043DE2}.Debug|x86.Build.0 = Debug|Win32
		{19F74727-81C5-4AFF-A70E-B59ACB043DE2}.Release|x64.ActiveCfg = Release|x64
		{19F74727-81C5-4AFF-A70E-B59ACB043DE2}.Release|x64.Build.0 = Release|x64
		{19F74727-81C5-4AFF-A70E-B59ACB043DE2}.Release|x86.ActiveCfg = Release|Win32
		{19F74727-81C5-4AFF-A70E-B59ACB043DE2}.Release|x86.Build.0 = Release|Win32
		{A309B0AE-2F35-42BA-BC70-E0CD7CCCCB38}.Debug|x64.ActiveCfg = Debug|x64
		{A309B0AE-2F35-42BA-BC70-E0CD7CCCCB38}.Debug|x64.Build.0 = Debug|x64
		{A309B0AE-2F35-42BA-BC70-E0CD7CCCCB38}.Debug|x86.ActiveCfg = Debug|Win32
		{A309B0AE-2F35-42BA-BC70-E0CD7CCCCB38}.Debug|x86.Build.0 = Debug|Win32
		{A309B0AE-2F35-42BA-BC70-E0CD7CCCCB38}.Release|x64.ActiveCfg = Release|x64
		{A309B0AE-2F35-42BA-BC70-E0CD7CCCCB38}.Release|x64.Build.0 = Release|x64
		{A309B0AE-2F35-42BA-BC70-E0CD7CCCCB38}.Release|x86.ActiveCfg = Release|Win32
		{A309B0AE-2F35-42BA-BC70-E0CD7CCCCB38}.Release|x86.Build.0 = Release|Win32
		{0A0DA802-C37D-45B5-8762-4A9A00B9EB49}.Debug|x64.ActiveCfg = Debug|x64
		{0A0DA802-C37D-45B5-8762-4A9A00B9EB49}.Debug|x64.Build.0 = Debug|x64
		{0A0DA802-C37D-45B5-8762-4A9A00B9EB49}.Debug|x86.ActiveCfg = Debug|Win32
		{0A0DA802-C37D-45B5-8762-4A9A00B9EB49}.Debug|x86.Build.0 = Debug|Win32
		{0A0DA802-C37D-45B5-8762-4A9A00B9EB49}.Release|x64.ActiveCfg = Release|x64
		{0A0DA802-C37D-45B5-8762-4A9A00B9EB49}.Release|x64.Build.0 = Release|x64
		{0A0DA802-C37D-45B5-8762-4A9A00B9EB49}.Release|x86.ActiveCfg = Release|Win32
		{0A0DA802-C37D-45B5-8762-4A9A00B9EB49}.Release|x86.Build.0 = Release|Win32
		{CD39F2FF-A481-4647-ACA3-040FAB525D6C}.Debug|x64.ActiveCfg = Debug|x64
		{CD39F2FF-A481-4647-ACA3-040FAB525D6C}.Debug|x64.Build.0 = Debug|x64
		{CD39F2FF-A481-4647-ACA3-040FAB525D6C}.Debug|x86.ActiveCfg = Debug|Win32
		{CD39F2FF-A481-4647-ACA3-040FAB525D6C}.Debug|x86.Build.0 = Debug|Win32
		{CD39F2FF-A481-4647-ACA3-040FAB525D6C}.Release|x64.ActiveCfg = Release|x64
		{CD39F2FF-A481-4647-ACA3-040FAB525D6C}.Release|x64.Build.0 = Release|x64
		{CD39F2FF-A481-4647-ACA3-040FAB525D6C}.Release|x86.ActiveCfg = Release|Win32
		{CD39F2FF-A481-4647-ACA3-040FAB525D6C}.Release|x86.Build.0 = Release|Win32
		{036A2CE1-C083-4C5A-BD8D-65BA615AC14C}.Debug|x64.ActiveCfg = Debug|x64
		{036A2CE1-C083-4C5A-BD8D-65BA615AC14C}.Debug|x64.Build.0 = Debug|x64
		{036A2CE1-C083-4C5A-BD8D-65BA615AC14C}.Debug|x86.ActiveCfg = Debug|Win32
		{036A2CE1-C083-4C5A-BD8D-65BA615AC14C}.Debug|x86.Build.0 = Debug|Win32
		{036A2CE1-C083-4C5A-BD8D-65BA615AC14C}.Release|x64.ActiveCfg = Release|x64
		{036A2CE1-C083-4C5A-BD8D-65BA615AC14C}.Release|x64.Build.0 = Release|x64
		{036A2CE1-C083-4C5A-BD8D-65BA615AC14C}.Release|x86.ActiveCfg = Release|Win32
		{036A2CE1-C083-4C5A-BD8D-65BA615AC14C}.Release|x86.Build.0 = Release|Win32
		{11C203DB-DCE0-47C8-A021-58D8E7CDA514}.Debug|x64.ActiveCfg = Debug|x64
		{11C203DB-DCE0-47C8-A021-58D8E7CDA514}.Debug|x64.Build.0 = Debug|x64
		{11C203DB-DCE0-47C8-A021-58D8E7CDA514}.Debug|x86.ActiveCfg = Debug|Win32
		{11C203DB-DCE0-47C8-A021-58D8E7CDA514}.Debug|x86.Build.0 = Debug|Win32
		{11C203DB-DCE0-47C8-A021-58D8E7CDA514}.Release|x64.ActiveCfg = Release|x64
		{11C203DB-DCE0-47C8-A021-58D8E7CDA514}.Release|x64.Build.0 = Release|x64
		{11C203DB-DCE0-47C8-A021-58D8E7CDA514}.Release|x86.ActiveCfg = Release|Win32
		{11C203DB-DCE0-47C8-A021-58D8E7CDA514}.Release|x86.Build.0 = Release|Win32
		{3CC94EA2-06FC-4633-BEE1-617437FFF74B}.Debug|x64.ActiveCfg = Debug|x64
		{3CC94EA2-06FC-4633-BEE1-617437FFF74B}.Debug|x64.Build.0 = Debug|x64
		{3CC94EA2-06FC-4633-BEE1-617437FFF74B}.Debug|x86.ActiveCfg = Debug|Win32
		{3CC94EA2-06FC-4633-BEE1-617437FFF74B}.Debug|x86.Build.0 = Debug|Win32
		{3CC94EA2-06FC-4633-BEE1-617437FFF74B}.Release|x64.ActiveCfg = Release|x64
		{3CC94EA2-06FC-4633-BEE1-617437FFF74B}.Release|x64.Build.0 = Release|x64
		{3CC94EA2-06FC-4633-BEE1-617437FFF74B}.Release|x86.ActiveCfg = Release|Win32
		{3CC94EA2-06FC-4633-BEE1-617437FFF74B}.Release|x86.Build.0 = Release|Win32
		{116ACF37-EADD-42D2-AA07-FC1B49BD65C3}.Debug|x64.ActiveCfg = Debug|x64
		{116ACF37-EADD-42D2-AA07-FC1B49BD65C3}.Debug|x64.Build.0 = Debug|x64
		{116ACF37-EADD-42D2-AA07-FC1B49BD65C3}.Debug|x86.ActiveCfg = Debug|Win32
		{116ACF37-EADD-42D2-AA07-FC1B49BD65C3}.Debug|x86.Build.0 = Debug|Win32
		{116ACF37-EADD-42D2-AA07-FC1B49BD65C3}.Release|x64.ActiveCfg = Release|x64
		{116ACF37-EADD-42D2-AA07-FC1B49BD65C3}.Release|x64.Build.0 = Release|x64
		{116ACF37-EADD-42D2-AA07-FC1B49BD65C3}.Release|x86.ActiveCfg = Release|Win32
		{116ACF37-EADD-42D2-AA07-FC1B49BD65C3}.Release|x86.Build.0 = Release|Win32
		{7378D084-675A-49C9-AEB8-68557FD879EC}.Debug|x64.ActiveCfg = Debug|x64
		{7378D084-675A-49C9-AEB8-68557FD879EC}.Debug|x64.Build.0 = Debug|x64
		{7378D084-675A-49C9-AEB8-68557FD879EC}.Debug|x86.ActiveCfg = Debug|Win32
		{7378D084-675A-49C9-AEB8-68557FD879EC}.Debug|x86.Build.0 = Debug|Win32
		{7378D084-675A-49C9-AEB8-68557FD879EC}.Release|x64.ActiveCfg = Release|x64
		{7378D084-675A-49C9-AEB8-68557FD879EC}.Release|x64.Build.0 = Release|x64
		{7378D084-675A-49C9-AEB8-68557FD879EC}.Release|x86.ActiveCfg = Release|Win32
		{7378D084-675A-49C9-AEB8-68557FD879EC}.Release|x86.Build.0 = Release|Win32
		{2B4FC3DE-DA5C-42E9-BFFC-878A0A76096D}.Debug|x64.ActiveCfg = Debug|x64
		{2B4FC3DE-DA5C-42E9-BFFC-878A0A76096D}.Debug|x64.Build.0 = Debug|x64
		{2B4FC3DE-DA5C-42E9-BFFC-878A0A76096D}.Debug|x86.ActiveCfg = Debug|Win32
		{2B4FC3DE-DA5C-42E9-BFFC-878A0A76096D}.Debug|x86.Build.0 = Debug|Win32
		{2B4FC3DE-DA5C-42E9-BFFC-878A0A76096D}.Release|x64.ActiveCfg = Release|x64
		{2B4FC3DE-DA5C-42E9-BFFC-878A0A76096D}.Release|x64.Build.0 = Release|x64
		{2B4FC3DE-DA5C-42E9-BFFC-878A0A76096D}.Release|x86.ActiveCfg = Release|Win32
		{2B4FC3DE-DA5C-42E9-BFFC-878A0A76096D}.Release|x86.Build.0 = Release|Win32
		{29B235DF-DE73-474D-9834-27F15A0A16C4}.Debug|x64.ActiveCfg = Debug|x64
		{29B235DF-DE73-474D-9834-27F15A0A16C4}.Debug|x64.Build.0 = Debug|x64
		{29B235DF-DE73-474D-9834-27F15A0A16C4}.Debug|x86.ActiveCfg = Debug|Win32
		{29B235DF-DE73-474D-9834-27F15A0A16C4}.Debug|x86.Build.0 = Debug|Win32
		{29B235DF-DE73-474D-9834-27F15A0A16C4}.Release|x64.ActiveCfg = Release|x64
		{29B235DF-DE73-474D-9834-27F15A0A16C4}.Release|x64.Build.0 = Release|x64
		{29B235DF-DE73-474D-9834-27F15A0A16C4}.Release|x86.ActiveCfg = Release|Win32
		{29B235DF-DE73-474D-9834-27F15A0A16C4}.Release|x86.Build.0 = Release|Win32
		{18F9E21F-A492-4278-A09B-0D29452D7852}.Debug|x64.ActiveCfg = Debug|x64
		{18F9E21F-A492-4278-A09B-0D29452D7852}.Debug|x64.Build.0 = Debug|x64
		{18F9E21F-A492-4278-A09B-0D29452D7852}.Debug|x86.ActiveCfg = Debug|Win32
		{18F9E21F-A492-4278-A09B-0D29452D7852}.Debug|x86.Build.0 = Debug|Win32
		{18F9E21F-A492-4278-A09B-0D29452D7852}.Release|x64.ActiveCfg = Release|x64
		{18F9E21F-A492-4278-A09B-0D29452D7852}.Release|x64.Build.0 = Release|x64
		{18F9E21F-A492-4278-A09B-0D29452D7852}.Release|x86.ActiveCfg = Release|Win32
		{18F9E21F-A492-4278-A09B-0D29452D7852}.Release|x86.Build.0 = Release|Win32
		{4CD059AE-813B-4680-85ED-9FCFA559EB64}.Debug|x64.ActiveCfg = Debug|x64
		{4CD059AE-813B-4680-85ED-9FCFA559EB64}.Debug|x64.Build.0 = Debug|x64
		{4CD059AE-813B-4680-85ED-9FCFA559EB64}.Debug|x86.ActiveCfg = Debug|Win32
		{4CD059AE-813B-4680-85ED-9FCFA559EB64}.Debug|x86.Build.0 = Debug|Win32
		{4CD059AE-813B-4680-85ED-9FCFA559EB64}.Release|x64.ActiveCfg = Release|x64
		{4CD059AE-813B-4680-85ED-9FCFA559EB64}.Release|x64.Build.0 = Release|x64
		{4CD059AE-813B-4680-85ED-9FCFA559EB64}.Release|x86.ActiveCfg = Release|Win32
		{4CD059AE-813B-4680-85ED-9FCFA559EB64}.Release|x86.Build.0 = Release|Win32
		{BB9414E7-D848-481F-AA86-856E7BCFF3E1}.Debug|x64.ActiveCfg = Debug|x64
		{BB9414E7-D848-481F-AA86-856E7BCFF3E1}.Debug|x64.Build.0 = Debug|x64
		{BB9414E7-D848-481F-AA86-856E7BCFF3E1}.Debug|x86.ActiveCfg = Debug|Win32
		{BB9414E7-D848-481F-AA86-856E7BCFF3E1}.Debug|x86.Build.0 = Debug|Win32
		{BB9414E7-D848-481F-AA86-856E7BCFF3E1}.Release|x64.ActiveCfg = Release|x64
		{BB9414E7-D848-481F-AA86-856E7BCFF3E1}.Release|x64.Build.0 = Release|x64
		{BB9414E7-D848-481F-AA86-856E7BCFF3E1}.Release|x86.ActiveCfg = Release|Win32
		{BB9414E7-D848-481F-AA86-856E7BCFF3E1}.Release|x86.Build.0 = Release|Win32
		{EC559286-66C3-4AB8-A37B-EE4E7078C396}.Debug|x64.ActiveCfg = Debug|x64
		{EC559286-66C3-4AB8-A37B-EE4E7078C396}.Debug|x64.Build.0 = Debug|x64
		{EC559286-66C3-4AB8-A37B-EE4E7078C396}.Debug|x86.ActiveCfg = Debug|Win32
		{EC559286-66C3-4AB8-A37B-EE4E7078C396}.Debug|x86.Build.0 = Debug|Win32
		{EC559286-66C3-4AB8-A37B-EE4E7078C396}.Release|x64.ActiveCfg = Release|x64
		{EC559286-66C3-4AB8-A37B-EE4E7078C396}.Release|x64.Build.0 = Release|x64
		{EC559286-66C3-4AB8-A37B-EE4E7078C396}.Release|x86.ActiveCfg = Release|Win32
		{EC559286-66C3-4AB8-A37B-EE4E7078C396}.Release|x86.Build.0 = Release|Win32
		{4EE06921-C1E7-4C46-A028-9237A8CA30CA}.Debug|x64.ActiveCfg = Debug|x64
		{4EE06921-C1E7-4C46-A028-9237A8CA30CA}.Debug|x64.Build.0 = Debug|x64
		{4EE06921-C1E7-4C46-A028-9237A8CA30CA}.Debug|x86.ActiveCfg = Debug|Win32
		{4EE06921-C1E7-4C46-A028-9237A8CA30CA}.Debug|x86.Build.0 = Debug|Win32
		{4EE06921-C1E7-4C46-A028-9237A8CA30CA}.Release|x64.ActiveCfg = Release|x64
		{4EE06921-C1E7-4C46-A028-9237A8CA30CA}.Release|x64.Build.0 = Release|x64
		{4EE06921-C1E7-4C46-A028-9237A8CA30CA}.Release|x86.ActiveCfg = Release|Win32
		{4EE06921-C1E7-4C46-A028-9237A8CA30CA}.Release|x86.Build.0 = Release|Win32
		{F23D1B68-2316-4A22-858D-43B3D0D4070C}.Debug|x64.ActiveCfg = Debug|x64
		{F23D1B68-2316-4A22-858D-43B3D0D4070C}.Debug|x64.Build.0 = Debug|x64
		{F23D1B68-2316-4A22-858D-43B3D0D4070C}.Debug|x86.ActiveCfg = Debug|Win32
		{F23D1B68-2316-4A22-858D-43B3D0D4070C}.Debug|x86.Build.0 = Debug|Win32
		{F23D1B68-2316-4A22-858D-43B3D0D4070C}.Release|x64.ActiveCfg = Release|x64
		{F23D1B68-2316-4A22-858D-43B3D0D4070C}.Release|x64.Build.0 = Release|x64
		{F23D1B68-2316-4A22-858D-43B3D0D4070C}.Release|x86.ActiveCfg = Release|Win32
		{F23D1B68-2316-4A22-858D-43B3D0D4070C}.Release|x86.Build.0 = Release|Win32
	EndGlobalSection
	GlobalSection(SolutionProperties) = preSolution
		HideSolutionNode = FALSE
	EndGlobalSection
	GlobalSection(ExtensibilityGlobals) = postSolution
		SolutionGuid = {2B17C07A-95D2-4B1B-81CC-BA55D31D19F4}
	EndGlobalSection
EndGlobal
