
Microsoft Visual Studio Solution File, Format Version 12.00
# Visual Studio Version 17
VisualStudioVersion = 17.12.35527.113
MinimumVisualStudioVersion = 10.0.40219.1
Project("{8BC9CEB8-8B4A-11D0-8D11-00A0C91BC942}") = "SinglyLinkedList", "AlgorithmBooks\AlgorithmBooks.vcxproj", "{C36B1FB1-B864-445C-91F9-60D76E7DA5A3}"
EndProject
Project("{8BC9CEB8-8B4A-11D0-8D11-00A0C91BC942}") = "DoublyLinkedList", "DoublyLinkedList\DoublyLinkedList.vcxproj", "{BE78CA6B-0ADD-4606-89DE-5C286162CE4E}"
EndProject
Project("{8BC9CEB8-8B4A-11D0-8D11-00A0C91BC942}") = "CircularLinkedList", "CircularLinkedList\CircularLinkedList.vcxproj", "{19F74727-81C5-4AFF-A70E-B59ACB043DE2}"
EndProject
Project("{8BC9CEB8-8B4A-11D0-8D11-00A0C91BC942}") = "ArrayStack", "ArrayStack\ArrayStack.vcxproj", "{1A55E1B3-978C-4B2B-B290-284F1E094BCF}"
EndProject
Global
	GlobalSection(SolutionConfigurationPlatforms) = preSolution
		Debug|x64 = Debug|x64
		Debug|x86 = Debug|x86
		Release|x64 = Release|x64
		Release|x86 = Release|x86
	EndGlobalSection
	GlobalSection(ProjectConfigurationPlatforms) = postSolution
		{C36B1FB1-B864-445C-91F9-60D76E7DA5A3}.Debug|x64.ActiveCfg = Debug|x64
		{C36B1FB1-B864-445C-91F9-60D76E7DA5A3}.Debug|x64.Build.0 = Debug|x64
		{C36B1FB1-B864-445C-91F9-60D76E7DA5A3}.Debug|x86.ActiveCfg = Debug|Win32
		{C36B1FB1-B864-445C-91F9-60D76E7DA5A3}.Debug|x86.Build.0 = Debug|Win32
		{C36B1FB1-B864-445C-91F9-60D76E7DA5A3}.Release|x64.ActiveCfg = Release|x64
		{C36B1FB1-B864-445C-91F9-60D76E7DA5A3}.Release|x64.Build.0 = Release|x64
		{C36B1FB1-B864-445C-91F9-60D76E7DA5A3}.Release|x86.ActiveCfg = Release|Win32
		{C36B1FB1-B864-445C-91F9-60D76E7DA5A3}.Release|x86.Build.0 = Release|Win32
		{BE78CA6B-0ADD-4606-89DE-5C286162CE4E}.Debug|x64.ActiveCfg = Debug|x64
		{BE78CA6B-0ADD-4606-89DE-5C286162CE4E}.Debug|x64.Build.0 = Debug|x64
		{BE78CA6B-0ADD-4606-89DE-5C286162CE4E}.Debug|x86.ActiveCfg = Debug|Win32
		{BE78CA6B-0ADD-4606-89DE-5C286162CE4E}.Debug|x86.Build.0 = Debug|Win32
		{BE78CA6B-0ADD-4606-89DE-5C286162CE4E}.Release|x64.ActiveCfg = Release|x64
		{BE78CA6B-0ADD-4606-89DE-5C286162CE4E}.Release|x64.Build.0 = Release|x64
		{BE78CA6B-0ADD-4606-89DE-5C286162CE4E}.Release|x86.ActiveCfg = Release|Win32
		{BE78CA6B-0ADD-4606-89DE-5C286162CE4E}.Release|x86.Build.0 = Release|Win32
		{19F74727-81C5-4AFF-A70E-B59ACB043DE2}.Debug|x64.ActiveCfg = Debug|x64
		{19F74727-81C5-4AFF-A70E-B59ACB043DE2}.Debug|x64.Build.0 = Debug|x64
		{19F74727-81C5-4AFF-A70E-B59ACB043DE2}.Debug|x86.ActiveCfg = Debug|Win32
		{19F74727-81C5-4AFF-A70E-B59ACB043DE2}.Debug|x86.Build.0 = Debug|Win32
		{19F74727-81C5-4AFF-A70E-B59ACB043DE2}.Release|x64.ActiveCfg = Release|x64
		{19F74727-81C5-4AFF-A70E-B59ACB043DE2}.Release|x64.Build.0 = Release|x64
		{19F74727-81C5-4AFF-A70E-B59ACB043DE2}.Release|x86.ActiveCfg = Release|Win32
		{19F74727-81C5-4AFF-A70E-B59ACB043DE2}.Release|x86.Build.0 = Release|Win32
		{1A55E1B3-978C-4B2B-B290-284F1E094BCF}.Debug|x64.ActiveCfg = Debug|x64
		{1A55E1B3-978C-4B2B-B290-284F1E094BCF}.Debug|x64.Build.0 = Debug|x64
		{1A55E1B3-978C-4B2B-B290-284F1E094BCF}.Debug|x86.ActiveCfg = Debug|Win32
		{1A55E1B3-978C-4B2B-B290-284F1E094BCF}.Debug|x86.Build.0 = Debug|Win32
		{1A55E1B3-978C-4B2B-B290-284F1E094BCF}.Release|x64.ActiveCfg = Release|x64
		{1A55E1B3-978C-4B2B-B290-284F1E094BCF}.Release|x64.Build.0 = Release|x64
		{1A55E1B3-978C-4B2B-B290-284F1E094BCF}.Release|x86.ActiveCfg = Release|Win32
		{1A55E1B3-978C-4B2B-B290-284F1E094BCF}.Release|x86.Build.0 = Release|Win32
	EndGlobalSection
	GlobalSection(SolutionProperties) = preSolution
		HideSolutionNode = FALSE
	EndGlobalSection
	GlobalSection(ExtensibilityGlobals) = postSolution
		SolutionGuid = {2B17C07A-95D2-4B1B-81CC-BA55D31D19F4}
	EndGlobalSection
EndGlobal
